
Microsoft Visual Studio Solution File, Format Version 12.00
# Visual Studio Version 17
VisualStudioVersion = 17.5.002.0
MinimumVisualStudioVersion = 10.0.40219.1
Project("{9A19103F-16F7-4668-BE54-9A1E7A4F7556}") = "ExemploExplorando", "ExemploExplorando.csproj", "{DF0C7944-01D8-4831-80FA-F890B539F268}"
EndProject
Global
	GlobalSection(SolutionConfigurationPlatforms) = preSolution
		Debug|Any CPU = Debug|Any CPU
		Release|Any CPU = Release|Any CPU
	EndGlobalSection
	GlobalSection(ProjectConfigurationPlatforms) = postSolution
		{DF0C7944-01D8-4831-80FA-F890B539F268}.Debug|Any CPU.ActiveCfg = Debug|Any CPU
		{DF0C7944-01D8-4831-80FA-F890B539F268}.Debug|Any CPU.Build.0 = Debug|Any CPU
		{DF0C7944-01D8-4831-80FA-F890B539F268}.Release|Any CPU.ActiveCfg = Release|Any CPU
		{DF0C7944-01D8-4831-80FA-F890B539F268}.Release|Any CPU.Build.0 = Release|Any CPU
	EndGlobalSection
	GlobalSection(SolutionProperties) = preSolution
		HideSolutionNode = FALSE
	EndGlobalSection
	GlobalSection(ExtensibilityGlobals) = postSolution
		SolutionGuid = {0BD22E1E-F68C-4D91-8304-D62463B350F1}
	EndGlobalSection
EndGlobal
